PODS:
  - Stripe (22.8.4):
    - Stripe/Stripe3DS2 (= 22.8.4)
    - StripeApplePay (= 22.8.4)
    - StripeCore (= 22.8.4)
    - StripeUICore (= 22.8.4)
  - Stripe/Stripe3DS2 (22.8.4):
    - StripeApplePay (= 22.8.4)
    - StripeCore (= 22.8.4)
    - StripeUICore (= 22.8.4)
  - StripeApplePay (22.8.4):
    - StripeCore (= 22.8.4)
  - StripeCore (22.8.4)
  - StripeTerminal (2.23.0)
  - StripeUICore (22.8.4):
    - StripeCore (= 22.8.4)

DEPENDENCIES:
  - Stripe
  - StripeTerminal (~> 2.0)

SPEC REPOS:
  trunk:
    - Stripe
    - StripeApplePay
    - StripeCore
    - StripeTerminal
    - StripeUICore

SPEC CHECKSUMS:
  Stripe: 59f6659e8ea413def19c97c57e23f5ec6ea48cf8
  StripeApplePay: 6e9aebd3d248464836e9fbdaef6e5fb1817d56a6
  StripeCore: 193f27552fb98108ebfe0df11651fe5f38948305
  StripeTerminal: dbd427129570307cc17cafbd1e9b85acf092c9ee
  StripeUICore: 6a5bbea0164d63bd91000f001903e7901859e1a4

PODFILE CHECKSUM: 21a71e04c3e4af4d3ba187e9ec8321cde7d2ec75

COCOAPODS: 1.11.3
