PODS:
  - Stripe (15.0.1)
  - StripeTerminal (1.0.3)

DEPENDENCIES:
  - Stripe
  - StripeTerminal (= 1.0.3)

SPEC REPOS:
  https://github.com/CocoaPods/Specs.git:
    - Stripe
  trunk:
    - StripeTerminal

SPEC CHECKSUMS:
  Stripe: 2c4d0a88817361a102886315ff452d90f65e898b
  StripeTerminal: ec7ecf250d87c6a8218234db6d35f9c46b81c237

PODFILE CHECKSUM: 3f2fb3533a29723728e9561bb1427b15963936cb

COCOAPODS: 1.8.4
