github.com/davecgh/go-spew v1.1.0 h1:ZDRjVQ15GmhC3fiQ8ni8+OwkZQO4DARzQgrnXU1Liz8=
github.com/davecgh/go-spew v1.1.0/go.mod h1:J7Y8YcW2NihsgmVo/mv3lAwl/skON4iLHjSsI+c5H38=
github.com/davecgh/go-spew v1.1.1 h1:vj9j/u1bqnvCEfJOwUhtlOARqs3+rkHYY13jYWTU97c=
github.com/davecgh/go-spew v1.1.1/go.mod h1:J7Y8YcW2NihsgmVo/mv3lAwl/skON4iLHjSsI+c5H38=
github.com/go-sql-driver/mysql v1.4.0 h1:7LxgVwFb2hIQtMm87NdgAVfXjnt4OePseqT1tKx+opk=
github.com/go-sql-driver/mysql v1.4.0/go.mod h1:zAC/RDZ24gD3HViQzih4MyKcchzm+sOG5ZlKdlhCg5w=
github.com/jmoiron/sqlx v1.2.0 h1:41Ip0zITnmWNR/vHV+S4m+VoUivnWY5E4OJfLZjCJMA=
github.com/jmoiron/sqlx v1.2.0/go.mod h1:1FEQNm3xlJgrMD+FBdI9+xvCksHtbpVBBw5dYhBSsks=
github.com/lib/pq v1.0.0 h1:X5PMW56eZitiTeO7tKzZxFCSpbFZJtkMMooicw2us9A=
github.com/lib/pq v1.0.0/go.mod h1:5WUZQaWbwv1U+lTReE5YruASi9Al49XbQIvNi/34Woo=
github.com/pmezard/go-difflib v1.0.0 h1:4DBwDE0NGyQoBHbLQYPwSUPoCMWR5BEzIk/f1lZbAQM=
github.com/pmezard/go-difflib v1.0.0/go.mod h1:iKH77koFhYxTK1pcRnkKkqfTogsbg7gZNVY4sRDYZ/4=
github.com/rothskeller/json v0.0.0-20190526124100-0e660c4a25ba h1:WAVLLs2Zojv6HNWT+PxA4dpGIszGCmf56h0Cm5uNBCo=
github.com/rothskeller/json v0.0.0-20190526124100-0e660c4a25ba/go.mod h1:gCFIphucdxWXdvQOi2ozsuXc2B6mSusLuUQ1SMMaB6E=
github.com/rothskeller/json v0.0.0-20190526124428-918ee680c426 h1:BzrehSzhZQVzN2JPIZIWL2Bcp7i8bjEyQbDjhLIVCfw=
github.com/rothskeller/json v0.0.0-20190526124428-918ee680c426/go.mod h1:gCFIphucdxWXdvQOi2ozsuXc2B6mSusLuUQ1SMMaB6E=
github.com/rothskeller/json v0.0.0-20190526155212-8e5292e710ef h1:VnHt9c90tPq6vNEhxx51RolrujXGFbdrIPHYJ1gLQf8=
github.com/rothskeller/json v0.0.0-20190526155212-8e5292e710ef/go.mod h1:gCFIphucdxWXdvQOi2ozsuXc2B6mSusLuUQ1SMMaB6E=
github.com/rothskeller/json v0.0.0-20190526165338-f715c9cc75a3 h1:mFMAeeMbWvJNKk55dxYQUdmdmZm/c/9RdWhsDQSe6DM=
github.com/rothskeller/json v0.0.0-20190526165338-f715c9cc75a3/go.mod h1:gCFIphucdxWXdvQOi2ozsuXc2B6mSusLuUQ1SMMaB6E=
github.com/rothskeller/json v0.0.0-20190526204815-1e4f944f3f0a h1:KkO5EjBSn1me1ZS6yiP4UCi1RDBvSW9TrMBa3TDfuxo=
github.com/rothskeller/json v0.0.0-20190526204815-1e4f944f3f0a/go.mod h1:gCFIphucdxWXdvQOi2ozsuXc2B6mSusLuUQ1SMMaB6E=
github.com/rothskeller/json v0.0.0-20190526214720-3ba4888c587a h1:7Nc0NMFUGUFZJeTYHHRUTB7Q7++dgW0GrqBNUWjUNoQ=
github.com/rothskeller/json v0.0.0-20190526214720-3ba4888c587a/go.mod h1:gCFIphucdxWXdvQOi2ozsuXc2B6mSusLuUQ1SMMaB6E=
github.com/skip2/go-qrcode v0.0.0-20190110000554-dc11ecdae0a9 h1:lpEzuenPuO1XNTeikEmvqYFcU37GVLl8SRNblzyvGBE=
github.com/skip2/go-qrcode v0.0.0-20190110000554-dc11ecdae0a9/go.mod h1:PLPIyL7ikehBD1OAjmKKiOEhbvWyHGaNDjquXMcYABo=
github.com/stretchr/objx v0.1.0/go.mod h1:HFkY916IF+rwdDfMAkV7OtwuqBVzrE8GR6GFx+wExME=
github.com/stretchr/testify v1.3.0 h1:TivCn/peBQ7UY8ooIcPgZFpTNSz0Q2U6UrFlUfqbe0Q=
github.com/stretchr/testify v1.3.0/go.mod h1:M5WIy9Dh21IEIfnGCwXGc5bZfKNJtfHm1UVUgZn+9EI=
github.com/stripe/stripe-go v57.6.0+incompatible h1:7soRl7adYbnLZd5jhrYShUmDZm1VNi2WClL9bgK9VAQ=
github.com/stripe/stripe-go v57.6.0+incompatible/go.mod h1:A1dQZmO/QypXmsL0T8axYZkSN/uA/T/A64pfKdBAMiY=
github.com/stripe/stripe-go v60.18.0+incompatible h1:UcMEuRIAa6//BfBsjXZ0Q9aKx+8IWm3fu+UcLqJ+Djg=
github.com/stripe/stripe-go v60.18.0+incompatible/go.mod h1:A1dQZmO/QypXmsL0T8axYZkSN/uA/T/A64pfKdBAMiY=
golang.org/x/crypto v0.0.0-20190308221718-c2843e01d9a2/go.mod h1:djNgcEr1/C05ACkg1iLfiJU5Ep61QUkGW8qpdssI0+w=
golang.org/x/net v0.0.0-20190509222800-a4d6f7feada5 h1:6M3SDHlHHDCx2PcQw3S4KsR170vGqDhJDOmpVd4Hjak=
golang.org/x/net v0.0.0-20190509222800-a4d6f7feada5/go.mod h1:t9HGtf8HONx5eT2rtn7q6eTqICYqUVnKs3thJo3Qplg=
golang.org/x/sys v0.0.0-20190215142949-d0b11bdaac8a/go.mod h1:STP8DvDyc/dI5b8T5hshtkjS+E42TnysNCUPdjciGhY=
golang.org/x/text v0.3.0 h1:g61tztE5qeGQ89tm6NTjjM9VPIm088od1l6aSorWRWg=
golang.org/x/text v0.3.0/go.mod h1:NqM8EUOU14njkJ3fqMW+pc6Ldnwhi/IjpwHt7yyuwOQ=
